// !$*UTF8*$!
{
	archiveVersion = 1;
	classes = {
	};
	objectVersion = 48;
	objects = {

/* Begin PBXBuildFile section */
		3E0E240D1F86916100157355 /* AppDelegate.swift in Sources */ = {isa = PBXBuildFile; fileRef = 3E0E24071F8690C400157355 /* AppDelegate.swift */; };
		3E0E240E1F86916100157355 /* ViewController.swift in Sources */ = {isa = PBXBuildFile; fileRef = 3E0E24031F8690C400157355 /* ViewController.swift */; };
		3E0E240F1F86916100157355 /* NavigationController.swift in Sources */ = {isa = PBXBuildFile; fileRef = 3E0E24081F8690C400157355 /* NavigationController.swift */; };
		3E0E24101F86917000157355 /* Assets.xcassets in Resources */ = {isa = PBXBuildFile; fileRef = 3E0E24041F8690C400157355 /* Assets.xcassets */; };
		3EBE6FEB1F87751E00E1B4A3 /* JoKit.framework in Frameworks */ = {isa = PBXBuildFile; fileRef = 3EBE6FEA1F87751400E1B4A3 /* JoKit.framework */; };
		3EBE6FEC1F87751E00E1B4A3 /* JoKit.framework in Embed Frameworks */ = {isa = PBXBuildFile; fileRef = 3EBE6FEA1F87751400E1B4A3 /* JoKit.framework */; settings = {ATTRIBUTES = (CodeSignOnCopy, RemoveHeadersOnCopy, ); }; };
/* End PBXBuildFile section */

/* Begin PBXContainerItemProxy section */
		3EBE6FE91F87751400E1B4A3 /* PBXContainerItemProxy */ = {
			isa = PBXContainerItemProxy;
			containerPortal = 3EBE6FE51F87751400E1B4A3 /* JoKit.xcodeproj */;
			proxyType = 2;
			remoteGlobalIDString = 3EBE6FD51F87748800E1B4A3;
			remoteInfo = JoKit;
		};
		3EBE6FED1F87751E00E1B4A3 /* PBXContainerItemProxy */ = {
			isa = PBXContainerItemProxy;
			containerPortal = 3EBE6FE51F87751400E1B4A3 /* JoKit.xcodeproj */;
			proxyType = 1;
			remoteGlobalIDString = 3EBE6FD41F87748800E1B4A3;
			remoteInfo = JoKit;
		};
/* End PBXContainerItemProxy section */

/* Begin PBXCopyFilesBuildPhase section */
		3ED1007E1F86950E0065E025 /* Embed Frameworks */ = {
			isa = PBXCopyFilesBuildPhase;
			buildActionMask = 2147483647;
			dstPath = "";
			dstSubfolderSpec = 10;
			files = (
				3EBE6FEC1F87751E00E1B4A3 /* JoKit.framework in Embed Frameworks */,
			);
			name = "Embed Frameworks";
			runOnlyForDeploymentPostprocessing = 0;
		};
/* End PBXCopyFilesBuildPhase section */

/* Begin PBXFileReference section */
		3E0E23E21F86902D00157355 /* Example.app */ = {isa = PBXFileReference; explicitFileType = wrapper.application; includeInIndex = 0; path = Example.app; sourceTree = BUILT_PRODUCTS_DIR; };
		3E0E24031F8690C400157355 /* ViewController.swift */ = {isa = PBXFileReference; lastKnownFileType = sourcecode.swift; path = ViewController.swift; sourceTree = "<group>"; };
		3E0E24041F8690C400157355 /* Assets.xcassets */ = {isa = PBXFileReference; lastKnownFileType = folder.assetcatalog; path = Assets.xcassets; sourceTree = "<group>"; };
		3E0E24061F8690C400157355 /* Base */ = {isa = PBXFileReference; lastKnownFileType = file.storyboard; name = Base; path = Base.lproj/LaunchScreen.storyboard; sourceTree = "<group>"; };
		3E0E24071F8690C400157355 /* AppDelegate.swift */ = {isa = PBXFileReference; lastKnownFileType = sourcecode.swift; path = AppDelegate.swift; sourceTree = "<group>"; };
		3E0E24081F8690C400157355 /* NavigationController.swift */ = {isa = PBXFileReference; lastKnownFileType = sourcecode.swift; path = NavigationController.swift; sourceTree = "<group>"; };
		3E0E24091F8690C400157355 /* Info.plist */ = {isa = PBXFileReference; lastKnownFileType = text.plist.xml; path = Info.plist; sourceTree = "<group>"; };
		3EBE6FE51F87751400E1B4A3 /* JoKit.xcodeproj */ = {isa = PBXFileReference; lastKnownFileType = "wrapper.pb-project"; name = JoKit.xcodeproj; path = ../JoKit.xcodeproj; sourceTree = "<group>"; };
/* End PBXFileReference section */

/* Begin PBXFrameworksBuildPhase section */
		3E0E23DF1F86902D00157355 /* Frameworks */ = {
			isa = PBXFrameworksBuildPhase;
			buildActionMask = 2147483647;
			files = (
				3EBE6FEB1F87751E00E1B4A3 /* JoKit.framework in Frameworks */,
			);
			runOnlyForDeploymentPostprocessing = 0;
		};
/* End PBXFrameworksBuildPhase section */

/* Begin PBXGroup section */
		3E0E23D91F86902D00157355 = {
			isa = PBXGroup;
			children = (
				3EBE6FE51F87751400E1B4A3 /* JoKit.xcodeproj */,
				3E0E24021F8690C400157355 /* Source */,
				3E0E23E31F86902D00157355 /* Products */,
				3ED100781F86950A0065E025 /* Frameworks */,
			);
			sourceTree = "<group>";
		};
		3E0E23E31F86902D00157355 /* Products */ = {
			isa = PBXGroup;
			children = (
				3E0E23E21F86902D00157355 /* Example.app */,
			);
			name = Products;
			sourceTree = "<group>";
		};
		3E0E24021F8690C400157355 /* Source */ = {
			isa = PBXGroup;
			children = (
				3E0E24071F8690C400157355 /* AppDelegate.swift */,
				3E0E24031F8690C400157355 /* ViewController.swift */,
				3E0E24081F8690C400157355 /* NavigationController.swift */,
				3E0E240C1F8690F100157355 /* Supporting Files */,
			);
			path = Source;
			sourceTree = "<group>";
		};
		3E0E240C1F8690F100157355 /* Supporting Files */ = {
			isa = PBXGroup;
			children = (
				3E0E24091F8690C400157355 /* Info.plist */,
				3E0E24041F8690C400157355 /* Assets.xcassets */,
				3E0E24051F8690C400157355 /* LaunchScreen.storyboard */,
			);
			name = "Supporting Files";
			sourceTree = "<group>";
		};
		3EBE6FE61F87751400E1B4A3 /* Products */ = {
			isa = PBXGroup;
			children = (
				3EBE6FEA1F87751400E1B4A3 /* JoKit.framework */,
			);
			name = Products;
			sourceTree = "<group>";
		};
		3ED100781F86950A0065E025 /* Frameworks */ = {
			isa = PBXGroup;
			children = (
			);
			name = Frameworks;
			sourceTree = "<group>";
		};
/* End PBXGroup section */

/* Begin PBXNativeTarget section */
		3E0E23E11F86902D00157355 /* Example */ = {
			isa = PBXNativeTarget;
			buildConfigurationList = 3E0E23F41F86902D00157355 /* Build configuration list for PBXNativeTarget "Example" */;
			buildPhases = (
				3E0E23DE1F86902D00157355 /* Sources */,
				3E0E23DF1F86902D00157355 /* Frameworks */,
				3E0E23E01F86902D00157355 /* Resources */,
				3ED1007E1F86950E0065E025 /* Embed Frameworks */,
			);
			buildRules = (
			);
			dependencies = (
				3EBE6FEE1F87751E00E1B4A3 /* PBXTargetDependency */,
			);
			name = Example;
			productName = Example;
			productReference = 3E0E23E21F86902D00157355 /* Example.app */;
			productType = "com.apple.product-type.application";
		};
/* End PBXNativeTarget section */

/* Begin PBXProject section */
		3E0E23DA1F86902D00157355 /* Project object */ = {
			isa = PBXProject;
			attributes = {
				LastSwiftUpdateCheck = 0900;
				LastUpgradeCheck = 0900;
				ORGANIZATIONNAME = "Django Lee";
				TargetAttributes = {
					3E0E23E11F86902D00157355 = {
						CreatedOnToolsVersion = 9.0;
						ProvisioningStyle = Automatic;
					};
				};
			};
			buildConfigurationList = 3E0E23DD1F86902D00157355 /* Build configuration list for PBXProject "Example" */;
			compatibilityVersion = "Xcode 8.0";
			developmentRegion = en;
			hasScannedForEncodings = 0;
			knownRegions = (
				en,
				Base,
			);
			mainGroup = 3E0E23D91F86902D00157355;
			productRefGroup = 3E0E23E31F86902D00157355 /* Products */;
			projectDirPath = "";
			projectReferences = (
				{
					ProductGroup = 3EBE6FE61F87751400E1B4A3 /* Products */;
					ProjectRef = 3EBE6FE51F87751400E1B4A3 /* JoKit.xcodeproj */;
				},
			);
			projectRoot = "";
			targets = (
				3E0E23E11F86902D00157355 /* Example */,
			);
		};
/* End PBXProject section */

/* Begin PBXReferenceProxy section */
		3EBE6FEA1F87751400E1B4A3 /* JoKit.framework */ = {
			isa = PBXReferenceProxy;
			fileType = wrapper.framework;
			path = JoKit.framework;
			remoteRef = 3EBE6FE91F87751400E1B4A3 /* PBXContainerItemProxy */;
			sourceTree = BUILT_PRODUCTS_DIR;
		};
/* End PBXReferenceProxy section */

/* Begin PBXResourcesBuildPhase section */
		3E0E23E01F86902D00157355 /* Resources */ = {
			isa = PBXResourcesBuildPhase;
			buildActionMask = 2147483647;
			files = (
				3E0E24101F86917000157355 /* Assets.xcassets in Resources */,
			);
			runOnlyForDeploymentPostprocessing = 0;
		};
/* End PBXResourcesBuildPhase section */

/* Begin PBXSourcesBuildPhase section */
		3E0E23DE1F86902D00157355 /* Sources */ = {
			isa = PBXSourcesBuildPhase;
			buildActionMask = 2147483647;
			files = (
				3E0E240E1F86916100157355 /* ViewController.swift in Sources */,
				3E0E240F1F86916100157355 /* NavigationController.swift in Sources */,
				3E0E240D1F86916100157355 /* AppDelegate.swift in Sources */,
			);
			runOnlyForDeploymentPostprocessing = 0;
		};
/* End PBXSourcesBuildPhase section */

/* Begin PBXTargetDependency section */
		3EBE6FEE1F87751E00E1B4A3 /* PBXTargetDependency */ = {
			isa = PBXTargetDependency;
			name = JoKit;
			targetProxy = 3EBE6FED1F87751E00E1B4A3 /* PBXContainerItemProxy */;
		};
/* End PBXTargetDependency section */

/* Begin PBXVariantGroup section */
		3E0E24051F8690C400157355 /* LaunchScreen.storyboard */ = {
			isa = PBXVariantGroup;
			children = (
				3E0E24061F8690C400157355 /* Base */,
			);
			name = LaunchScreen.storyboard;
			sourceTree = "<group>";
		};
/* End PBXVariantGroup section */

/* Begin XCBuildConfiguration section */
		3E0E23F21F86902D00157355 /* Debug */ = {
			isa = XCBuildConfiguration;
			buildSettings = {
				ALWAYS_SEARCH_USER_PATHS = NO;
				CLANG_ANALYZER_NONNULL = YES;
				CLANG_ANALYZER_NUMBER_OBJECT_CONVERSION = YES_AGGRESSIVE;
				CLANG_CXX_LANGUAGE_STANDARD = "gnu++14";
				CLANG_CXX_LIBRARY = "libc++";
				CLANG_ENABLE_MODULES = YES;
				CLANG_ENABLE_OBJC_ARC = YES;
				CLANG_WARN_BLOCK_CAPTURE_AUTORELEASING = YES;
				CLANG_WARN_BOOL_CONVERSION = YES;
				CLANG_WARN_COMMA = YES;
				CLANG_WARN_CONSTANT_CONVERSION = YES;
				CLANG_WARN_DIRECT_OBJC_ISA_USAGE = YES_ERROR;
				CLANG_WARN_DOCUMENTATION_COMMENTS = YES;
				CLANG_WARN_EMPTY_BODY = YES;
				CLANG_WARN_ENUM_CONVERSION = YES;
				CLANG_WARN_INFINITE_RECURSION = YES;
				CLANG_WARN_INT_CONVERSION = YES;
				CLANG_WARN_NON_LITERAL_NULL_CONVERSION = YES;
				CLANG_WARN_OBJC_LITERAL_CONVERSION = YES;
				CLANG_WARN_OBJC_ROOT_CLASS = YES_ERROR;
				CLANG_WARN_RANGE_LOOP_ANALYSIS = YES;
				CLANG_WARN_STRICT_PROTOTYPES = YES;
				CLANG_WARN_SUSPICIOUS_MOVE = YES;
				CLANG_WARN_UNGUARDED_AVAILABILITY = YES_AGGRESSIVE;
				CLANG_WARN_UNREACHABLE_CODE = YES;
				CLANG_WARN__DUPLICATE_METHOD_MATCH = YES;
				CODE_SIGN_IDENTITY = "iPhone Developer";
				COPY_PHASE_STRIP = NO;
				DEBUG_INFORMATION_FORMAT = dwarf;
				ENABLE_STRICT_OBJC_MSGSEND = YES;
				ENABLE_TESTABILITY = YES;
				GCC_C_LANGUAGE_STANDARD = gnu11;
				GCC_DYNAMIC_NO_PIC = NO;
				GCC_NO_COMMON_BLOCKS = YES;
				GCC_OPTIMIZATION_LEVEL = 0;
				GCC_PREPROCESSOR_DEFINITIONS = (
					"DEBUG=1",
					"$(inherited)",
				);
				GCC_WARN_64_TO_32_BIT_CONVERSION = YES;
				GCC_WARN_ABOUT_RETURN_TYPE = YES_ERROR;
				GCC_WARN_UNDECLARED_SELECTOR = YES;
				GCC_WARN_UNINITIALIZED_AUTOS = YES_AGGRESSIVE;
				GCC_WARN_UNUSED_FUNCTION = YES;
				GCC_WARN_UNUSED_VARIABLE = YES;
				IPHONEOS_DEPLOYMENT_TARGET = 11.0;
				MTL_ENABLE_DEBUG_INFO = YES;
				ONLY_ACTIVE_ARCH = YES;
				SDKROOT = iphoneos;
				SWIFT_ACTIVE_COMPILATION_CONDITIONS = DEBUG;
				SWIFT_OPTIMIZATION_LEVEL = "-Onone";
			};
			name = Debug;
		};
		3E0E23F31F86902D00157355 /* Release */ = {
			isa = XCBuildConfiguration;
			buildSettings = {
				ALWAYS_SEARCH_USER_PATHS = NO;
				CLANG_ANALYZER_NONNULL = YES;
				CLANG_ANALYZER_NUMBER_OBJECT_CONVERSION = YES_AGGRESSIVE;
				CLANG_CXX_LANGUAGE_STANDARD = "gnu++14";
				CLANG_CXX_LIBRARY = "libc++";
				CLANG_ENABLE_MODULES = YES;
				CLANG_ENABLE_OBJC_ARC = YES;
				CLANG_WARN_BLOCK_CAPTURE_AUTORELEASING = YES;
				CLANG_WARN_BOOL_CONVERSION = YES;
				CLANG_WARN_COMMA = YES;
				CLANG_WARN_CONSTANT_CONVERSION = YES;
				CLANG_WARN_DIRECT_OBJC_ISA_USAGE = YES_ERROR;
				CLANG_WARN_DOCUMENTATION_COMMENTS = YES;
				CLANG_WARN_EMPTY_BODY = YES;
				CLANG_WARN_ENUM_CONVERSION = YES;
				CLANG_WARN_INFINITE_RECURSION = YES;
				CLANG_WARN_INT_CONVERSION = YES;
				CLANG_WARN_NON_LITERAL_NULL_CONVERSION = YES;
				CLANG_WARN_OBJC_LITERAL_CONVERSION = YES;
				CLANG_WARN_OBJC_ROOT_CLASS = YES_ERROR;
				CLANG_WARN_RANGE_LOOP_ANALYSIS = YES;
				CLANG_WARN_STRICT_PROTOTYPES = YES;
				CLANG_WARN_SUSPICIOUS_MOVE = YES;
				CLANG_WARN_UNGUARDED_AVAILABILITY = YES_AGGRESSIVE;
				CLANG_WARN_UNREACHABLE_CODE = YES;
				CLANG_WARN__DUPLICATE_METHOD_MATCH = YES;
				CODE_SIGN_IDENTITY = "iPhone Developer";
				COPY_PHASE_STRIP = NO;
				DEBUG_INFORMATION_FORMAT = "dwarf-with-dsym";
				ENABLE_NS_ASSERTIONS = NO;
				ENABLE_STRICT_OBJC_MSGSEND = YES;
				GCC_C_LANGUAGE_STANDARD = gnu11;
				GCC_NO_COMMON_BLOCKS = YES;
				GCC_WARN_64_TO_32_BIT_CONVERSION = YES;
				GCC_WARN_ABOUT_RETURN_TYPE = YES_ERROR;
				GCC_WARN_UNDECLARED_SELECTOR = YES;
				GCC_WARN_UNINITIALIZED_AUTOS = YES_AGGRESSIVE;
				GCC_WARN_UNUSED_FUNCTION = YES;
				GCC_WARN_UNUSED_VARIABLE = YES;
				IPHONEOS_DEPLOYMENT_TARGET = 11.0;
				MTL_ENABLE_DEBUG_INFO = NO;
				SDKROOT = iphoneos;
				SWIFT_OPTIMIZATION_LEVEL = "-Owholemodule";
				VALIDATE_PRODUCT = YES;
			};
			name = Release;
		};
		3E0E23F51F86902D00157355 /* Debug */ = {
			isa = XCBuildConfiguration;
			buildSettings = {
				ALWAYS_EMBED_SWIFT_STANDARD_LIBRARIES = YES;
				ASSETCATALOG_COMPILER_APPICON_NAME = AppIcon;
				CODE_SIGN_STYLE = Automatic;
				DEVELOPMENT_TEAM = 673AB3A2L9;
				INFOPLIST_FILE = "$(SRCROOT)/Source/Info.plist";
				IPHONEOS_DEPLOYMENT_TARGET = 8.0;
				LD_RUNPATH_SEARCH_PATHS = "$(inherited) @executable_path/Frameworks";
				PRODUCT_BUNDLE_IDENTIFIER = com.django.jokitexample;
				PRODUCT_NAME = "$(TARGET_NAME)";
				SWIFT_VERSION = 4.0;
				TARGETED_DEVICE_FAMILY = "1,2";
			};
			name = Debug;
		};
		3E0E23F61F86902D00157355 /* Release */ = {
			isa = XCBuildConfiguration;
			buildSettings = {
				ALWAYS_EMBED_SWIFT_STANDARD_LIBRARIES = YES;
				ASSETCATALOG_COMPILER_APPICON_NAME = AppIcon;
				CODE_SIGN_STYLE = Automatic;
				DEVELOPMENT_TEAM = 673AB3A2L9;
				INFOPLIST_FILE = "$(SRCROOT)/Source/Info.plist";
				IPHONEOS_DEPLOYMENT_TARGET = 8.0;
				LD_RUNPATH_SEARCH_PATHS = "$(inherited) @executable_path/Frameworks";
				PRODUCT_BUNDLE_IDENTIFIER = com.django.jokitexample;
				PRODUCT_NAME = "$(TARGET_NAME)";
				SWIFT_VERSION = 4.0;
				TARGETED_DEVICE_FAMILY = "1,2";
			};
			name = Release;
		};
/* End XCBuildConfiguration section */

/* Begin XCConfigurationList section */
		3E0E23DD1F86902D00157355 /* Build configuration list for PBXProject "Example" */ = {
			isa = XCConfigurationList;
			buildConfigurations = (
				3E0E23F21F86902D00157355 /* Debug */,
				3E0E23F31F86902D00157355 /* Release */,
			);
			defaultConfigurationIsVisible = 0;
			defaultConfigurationName = Release;
		};
		3E0E23F41F86902D00157355 /* Build configuration list for PBXNativeTarget "Example" */ = {
			isa = XCConfigurationList;
			buildConfigurations = (
				3E0E23F51F86902D00157355 /* Debug */,
				3E0E23F61F86902D00157355 /* Release */,
			);
			defaultConfigurationIsVisible = 0;
			defaultConfigurationName = Release;
		};
/* End XCConfigurationList section */
	};
	rootObject = 3E0E23DA1F86902D00157355 /* Project object */;
}
